Microsoft Visual Studio Solution File, Format Version 12.00
# Visual Studio Version 17
VisualStudioVersion = 17.5.2.0
MinimumVisualStudioVersion = 10.0.40219.1
Project("{2150E333-8FDC-42A3-9474-1A3956D46DE8}") = "backend", "backend", "{1AE8ACA6-933B-BF2A-3671-3E2EAC007D16}"
EndProject
Project("{FAE04EC0-301F-11D3-BF4B-00C04F79EFBC}") = "IkOtomasyon.Api", "backend\IkOtomasyon.Api.csproj", "{4859531E-6FE6-3CD8-D4D8-D3E595159C8A}"
EndProject
Project("{2150E333-8FDC-42A3-9474-1A3956D46DE8}") = "tests", "tests", "{F849C1AD-9ED8-437F-94E1-D5A252B93C2B}"
EndProject
Project("{FAE04EC0-301F-11D3-BF4B-00C04F79EFBC}") = "IkOtomasyon.Api.Tests", "backend\tests\IkOtomasyon.Api.Tests\IkOtomasyon.Api.Tests.csproj", "{6E6A519E-9645-47BF-85B1-E180B20D3B84}"
EndProject
Project("{FAE04EC0-301F-11D3-BF4B-00C04F79EFBC}") = "IkOtomasyon.Api.IntegrationTests", "backend\tests\IntegrationTests\IkOtomasyon.Api.IntegrationTests.csproj", "{58637712-DB94-404D-B418-74D67550A7C7}"
EndProject
Global
	GlobalSection(SolutionConfigurationPlatforms) = preSolution
		Debug|Any CPU = Debug|Any CPU
		Release|Any CPU = Release|Any CPU
	EndGlobalSection
	GlobalSection(ProjectConfigurationPlatforms) = postSolution
		{4859531E-6FE6-3CD8-D4D8-D3E595159C8A}.Debug|Any CPU.ActiveCfg = Debug|Any CPU
		{4859531E-6FE6-3CD8-D4D8-D3E595159C8A}.Debug|Any CPU.Build.0 = Debug|Any CPU
		{4859531E-6FE6-3CD8-D4D8-D3E595159C8A}.Release|Any CPU.ActiveCfg = Release|Any CPU
		{4859531E-6FE6-3CD8-D4D8-D3E595159C8A}.Release|Any CPU.Build.0 = Release|Any CPU
		{6E6A519E-9645-47BF-85B1-E180B20D3B84}.Debug|Any CPU.ActiveCfg = Debug|Any CPU
		{6E6A519E-9645-47BF-85B1-E180B20D3B84}.Debug|Any CPU.Build.0 = Debug|Any CPU
		{6E6A519E-9645-47BF-85B1-E180B20D3B84}.Release|Any CPU.ActiveCfg = Release|Any CPU
		{6E6A519E-9645-47BF-85B1-E180B20D3B84}.Release|Any CPU.Build.0 = Release|Any CPU
		{58637712-DB94-404D-B418-74D67550A7C7}.Debug|Any CPU.ActiveCfg = Debug|Any CPU
		{58637712-DB94-404D-B418-74D67550A7C7}.Debug|Any CPU.Build.0 = Debug|Any CPU
		{58637712-DB94-404D-B418-74D67550A7C7}.Release|Any CPU.ActiveCfg = Release|Any CPU
		{58637712-DB94-404D-B418-74D67550A7C7}.Release|Any CPU.Build.0 = Release|Any CPU
	EndGlobalSection
	GlobalSection(SolutionProperties) = preSolution
		HideSolutionNode = FALSE
	EndGlobalSection
	GlobalSection(NestedProjects) = preSolution
		{4859531E-6FE6-3CD8-D4D8-D3E595159C8A} = {1AE8ACA6-933B-BF2A-3671-3E2EAC007D16}
		{F849C1AD-9ED8-437F-94E1-D5A252B93C2B} = {1AE8ACA6-933B-BF2A-3671-3E2EAC007D16}
		{6E6A519E-9645-47BF-85B1-E180B20D3B84} = {F849C1AD-9ED8-437F-94E1-D5A252B93C2B}
		{58637712-DB94-404D-B418-74D67550A7C7} = {F849C1AD-9ED8-437F-94E1-D5A252B93C2B}
	EndGlobalSection
	GlobalSection(ExtensibilityGlobals) = postSolution
		SolutionGuid = {01E049AB-C346-4286-B847-7819A789AC11}
	EndGlobalSection
EndGlobal
